// !$*UTF8*$!
{
	archiveVersion = 1;
	classes = {
	};
	objectVersion = 46;
	objects = {

/* Begin PBXBuildFile section */
		838B03411B35351100BE2638 /* AppDelegate.swift in Sources */ = {isa = PBXBuildFile; fileRef = 838B03401B35351100BE2638 /* AppDelegate.swift */; };
		838B03431B35351100BE2638 /* ViewController.swift in Sources */ = {isa = PBXBuildFile; fileRef = 838B03421B35351100BE2638 /* ViewController.swift */; };
		838B03461B35351100BE2638 /* Main.storyboard in Resources */ = {isa = PBXBuildFile; fileRef = 838B03441B35351100BE2638 /* Main.storyboard */; };
		838B03481B35351100BE2638 /* Images.xcassets in Resources */ = {isa = PBXBuildFile; fileRef = 838B03471B35351100BE2638 /* Images.xcassets */; };
		838B034B1B35351100BE2638 /* LaunchScreen.xib in Resources */ = {isa = PBXBuildFile; fileRef = 838B03491B35351100BE2638 /* LaunchScreen.xib */; };
		838B03571B35351100BE2638 /* Advanced_SeguesTests.swift in Sources */ = {isa = PBXBuildFile; fileRef = 838B03561B35351100BE2638 /* Advanced_SeguesTests.swift */; };
/* End PBXBuildFile section */

/* Begin PBXContainerItemProxy section */
		838B03511B35351100BE2638 /* PBXContainerItemProxy */ = {
			isa = PBXContainerItemProxy;
			containerPortal = 838B03331B35351100BE2638 /* Project object */;
			proxyType = 1;
			remoteGlobalIDString = 838B033A1B35351100BE2638;
			remoteInfo = "Advanced Segues";
		};
/* End PBXContainerItemProxy section */

/* Begin PBXFileReference section */
		838B033B1B35351100BE2638 /* Advanced Segues.app */ = {isa = PBXFileReference; explicitFileType = wrapper.application; includeInIndex = 0; path = "Advanced Segues.app"; sourceTree = BUILT_PRODUCTS_DIR; };
		838B033F1B35351100BE2638 /* Info.plist */ = {isa = PBXFileReference; lastKnownFileType = text.plist.xml; path = Info.plist; sourceTree = "<group>"; };
		838B03401B35351100BE2638 /* AppDelegate.swift */ = {isa = PBXFileReference; lastKnownFileType = sourcecode.swift; path = AppDelegate.swift; sourceTree = "<group>"; };
		838B03421B35351100BE2638 /* ViewController.swift */ = {isa = PBXFileReference; lastKnownFileType = sourcecode.swift; path = ViewController.swift; sourceTree = "<group>"; };
		838B03451B35351100BE2638 /* Base */ = {isa = PBXFileReference; lastKnownFileType = file.storyboard; name = Base; path = Base.lproj/Main.storyboard; sourceTree = "<group>"; };
		838B03471B35351100BE2638 /* Images.xcassets */ = {isa = PBXFileReference; lastKnownFileType = folder.assetcatalog; path = Images.xcassets; sourceTree = "<group>"; };
		838B034A1B35351100BE2638 /* Base */ = {isa = PBXFileReference; lastKnownFileType = file.xib; name = Base; path = Base.lproj/LaunchScreen.xib; sourceTree = "<group>"; };
		838B03501B35351100BE2638 /* Advanced SeguesTests.xctest */ = {isa = PBXFileReference; explicitFileType = wrapper.cfbundle; includeInIndex = 0; path = "Advanced SeguesTests.xctest"; sourceTree = BUILT_PRODUCTS_DIR; };
		838B03551B35351100BE2638 /* Info.plist */ = {isa = PBXFileReference; lastKnownFileType = text.plist.xml; path = Info.plist; sourceTree = "<group>"; };
		838B03561B35351100BE2638 /* Advanced_SeguesTests.swift */ = {isa = PBXFileReference; lastKnownFileType = sourcecode.swift; path = Advanced_SeguesTests.swift; sourceTree = "<group>"; };
/* End PBXFileReference section */

/* Begin PBXFrameworksBuildPhase section */
		838B03381B35351100BE2638 /* Frameworks */ = {
			isa = PBXFrameworksBuildPhase;
			buildActionMask = 2147483647;
			files = (
			);
			runOnlyForDeploymentPostprocessing = 0;
		};
		838B034D1B35351100BE2638 /* Frameworks */ = {
			isa = PBXFrameworksBuildPhase;
			buildActionMask = 2147483647;
			files = (
			);
			runOnlyForDeploymentPostprocessing = 0;
		};
/* End PBXFrameworksBuildPhase section */

/* Begin PBXGroup section */
		838B03321B35351100BE2638 = {
			isa = PBXGroup;
			children = (
				838B033D1B35351100BE2638 /* Advanced Segues */,
				838B03531B35351100BE2638 /* Advanced SeguesTests */,
				838B033C1B35351100BE2638 /* Products */,
			);
			sourceTree = "<group>";
		};
		838B033C1B35351100BE2638 /* Products */ = {
			isa = PBXGroup;
			children = (
				838B033B1B35351100BE2638 /* Advanced Segues.app */,
				838B03501B35351100BE2638 /* Advanced SeguesTests.xctest */,
			);
			name = Products;
			sourceTree = "<group>";
		};
		838B033D1B35351100BE2638 /* Advanced Segues */ = {
			isa = PBXGroup;
			children = (
				838B03401B35351100BE2638 /* AppDelegate.swift */,
				838B03421B35351100BE2638 /* ViewController.swift */,
				838B03441B35351100BE2638 /* Main.storyboard */,
				838B03471B35351100BE2638 /* Images.xcassets */,
				838B03491B35351100BE2638 /* LaunchScreen.xib */,
				838B033E1B35351100BE2638 /* Supporting Files */,
			);
			path = "Advanced Segues";
			sourceTree = "<group>";
		};
		838B033E1B35351100BE2638 /* Supporting Files */ = {
			isa = PBXGroup;
			children = (
				838B033F1B35351100BE2638 /* Info.plist */,
			);
			name = "Supporting Files";
			sourceTree = "<group>";
		};
		838B03531B35351100BE2638 /* Advanced SeguesTests */ = {
			isa = PBXGroup;
			children = (
				838B03561B35351100BE2638 /* Advanced_SeguesTests.swift */,
				838B03541B35351100BE2638 /* Supporting Files */,
			);
			path = "Advanced SeguesTests";
			sourceTree = "<group>";
		};
		838B03541B35351100BE2638 /* Supporting Files */ = {
			isa = PBXGroup;
			children = (
				838B03551B35351100BE2638 /* Info.plist */,
			);
			name = "Supporting Files";
			sourceTree = "<group>";
		};
/* End PBXGroup section */

/* Begin PBXNativeTarget section */
		838B033A1B35351100BE2638 /* Advanced Segues */ = {
			isa = PBXNativeTarget;
			buildConfigurationList = 838B035A1B35351100BE2638 /* Build configuration list for PBXNativeTarget "Advanced Segues" */;
			buildPhases = (
				838B03371B35351100BE2638 /* Sources */,
				838B03381B35351100BE2638 /* Frameworks */,
				838B03391B35351100BE2638 /* Resources */,
			);
			buildRules = (
			);
			dependencies = (
			);
			name = "Advanced Segues";
			productName = "Advanced Segues";
			productReference = 838B033B1B35351100BE2638 /* Advanced Segues.app */;
			productType = "com.apple.product-type.application";
		};
		838B034F1B35351100BE2638 /* Advanced SeguesTests */ = {
			isa = PBXNativeTarget;
			buildConfigurationList = 838B035D1B35351100BE2638 /* Build configuration list for PBXNativeTarget "Advanced SeguesTests" */;
			buildPhases = (
				838B034C1B35351100BE2638 /* Sources */,
				838B034D1B35351100BE2638 /* Frameworks */,
				838B034E1B35351100BE2638 /* Resources */,
			);
			buildRules = (
			);
			dependencies = (
				838B03521B35351100BE2638 /* PBXTargetDependency */,
			);
			name = "Advanced SeguesTests";
			productName = "Advanced SeguesTests";
			productReference = 838B03501B35351100BE2638 /* Advanced SeguesTests.xctest */;
			productType = "com.apple.product-type.bundle.unit-test";
		};
/* End PBXNativeTarget section */

/* Begin PBXProject section */
		838B03331B35351100BE2638 /* Project object */ = {
			isa = PBXProject;
			attributes = {
				LastUpgradeCheck = 0630;
				ORGANIZATIONNAME = Yisen;
				TargetAttributes = {
					838B033A1B35351100BE2638 = {
						CreatedOnToolsVersion = 6.3.2;
					};
					838B034F1B35351100BE2638 = {
						CreatedOnToolsVersion = 6.3.2;
						TestTargetID = 838B033A1B35351100BE2638;
					};
				};
			};
			buildConfigurationList = 838B03361B35351100BE2638 /* Build configuration list for PBXProject "Advanced Segues" */;
			compatibilityVersion = "Xcode 3.2";
			developmentRegion = English;
			hasScannedForEncodings = 0;
			knownRegions = (
				en,
				Base,
			);
			mainGroup = 838B03321B35351100BE2638;
			productRefGroup = 838B033C1B35351100BE2638 /* Products */;
			projectDirPath = "";
			projectRoot = "";
			targets = (
				838B033A1B35351100BE2638 /* Advanced Segues */,
				838B034F1B35351100BE2638 /* Advanced SeguesTests */,
			);
		};
/* End PBXProject section */

/* Begin PBXResourcesBuildPhase section */
		838B03391B35351100BE2638 /* Resources */ = {
			isa = PBXResourcesBuildPhase;
			buildActionMask = 2147483647;
			files = (
				838B03461B35351100BE2638 /* Main.storyboard in Resources */,
				838B034B1B35351100BE2638 /* LaunchScreen.xib in Resources */,
				838B03481B35351100BE2638 /* Images.xcassets in Resources */,
			);
			runOnlyForDeploymentPostprocessing = 0;
		};
		838B034E1B35351100BE2638 /* Resources */ = {
			isa = PBXResourcesBuildPhase;
			buildActionMask = 2147483647;
			files = (
			);
			runOnlyForDeploymentPostprocessing = 0;
		};
/* End PBXResourcesBuildPhase section */

/* Begin PBXSourcesBuildPhase section */
		838B03371B35351100BE2638 /* Sources */ = {
			isa = PBXSourcesBuildPhase;
			buildActionMask = 2147483647;
			files = (
				838B03431B35351100BE2638 /* ViewController.swift in Sources */,
				838B03411B35351100BE2638 /* AppDelegate.swift in Sources */,
			);
			runOnlyForDeploymentPostprocessing = 0;
		};
		838B034C1B35351100BE2638 /* Sources */ = {
			isa = PBXSourcesBuildPhase;
			buildActionMask = 2147483647;
			files = (
				838B03571B35351100BE2638 /* Advanced_SeguesTests.swift in Sources */,
			);
			runOnlyForDeploymentPostprocessing = 0;
		};
/* End PBXSourcesBuildPhase section */

/* Begin PBXTargetDependency section */
		838B03521B35351100BE2638 /* PBXTargetDependency */ = {
			isa = PBXTargetDependency;
			target = 838B033A1B35351100BE2638 /* Advanced Segues */;
			targetProxy = 838B03511B35351100BE2638 /* PBXContainerItemProxy */;
		};
/* End PBXTargetDependency section */

/* Begin PBXVariantGroup section */
		838B03441B35351100BE2638 /* Main.storyboard */ = {
			isa = PBXVariantGroup;
			children = (
				838B03451B35351100BE2638 /* Base */,
			);
			name = Main.storyboard;
			sourceTree = "<group>";
		};
		838B03491B35351100BE2638 /* LaunchScreen.xib */ = {
			isa = PBXVariantGroup;
			children = (
				838B034A1B35351100BE2638 /* Base */,
			);
			name = LaunchScreen.xib;
			sourceTree = "<group>";
		};
/* End PBXVariantGroup section */

/* Begin XCBuildConfiguration section */
		838B03581B35351100BE2638 /* Debug */ = {
			isa = XCBuildConfiguration;
			buildSettings = {
				ALWAYS_SEARCH_USER_PATHS = NO;
				CLANG_CXX_LANGUAGE_STANDARD = "gnu++0x";
				CLANG_CXX_LIBRARY = "libc++";
				CLANG_ENABLE_MODULES = YES;
				CLANG_ENABLE_OBJC_ARC = YES;
				CLANG_WARN_BOOL_CONVERSION = YES;
				CLANG_WARN_CONSTANT_CONVERSION = YES;
				CLANG_WARN_DIRECT_OBJC_ISA_USAGE = YES_ERROR;
				CLANG_WARN_EMPTY_BODY = YES;
				CLANG_WARN_ENUM_CONVERSION = YES;
				CLANG_WARN_INT_CONVERSION = YES;
				CLANG_WARN_OBJC_ROOT_CLASS = YES_ERROR;
				CLANG_WARN_UNREACHABLE_CODE = YES;
				CLANG_WARN__DUPLICATE_METHOD_MATCH = YES;
				"CODE_SIGN_IDENTITY[sdk=iphoneos*]" = "iPhone Developer";
				COPY_PHASE_STRIP = NO;
				DEBUG_INFORMATION_FORMAT = "dwarf-with-dsym";
				ENABLE_STRICT_OBJC_MSGSEND = YES;
				GCC_C_LANGUAGE_STANDARD = gnu99;
				GCC_DYNAMIC_NO_PIC = NO;
				GCC_NO_COMMON_BLOCKS = YES;
				GCC_OPTIMIZATION_LEVEL = 0;
				GCC_PREPROCESSOR_DEFINITIONS = (
					"DEBUG=1",
					"$(inherited)",
				);
				GCC_SYMBOLS_PRIVATE_EXTERN = NO;
				GCC_WARN_64_TO_32_BIT_CONVERSION = YES;
				GCC_WARN_ABOUT_RETURN_TYPE = YES_ERROR;
				GCC_WARN_UNDECLARED_SELECTOR = YES;
				GCC_WARN_UNINITIALIZED_AUTOS = YES_AGGRESSIVE;
				GCC_WARN_UNUSED_FUNCTION = YES;
				GCC_WARN_UNUSED_VARIABLE = YES;
				IPHONEOS_DEPLOYMENT_TARGET = 8.3;
				MTL_ENABLE_DEBUG_INFO = YES;
				ONLY_ACTIVE_ARCH = YES;
				SDKROOT = iphoneos;
				SWIFT_OPTIMIZATION_LEVEL = "-Onone";
			};
			name = Debug;
		};
		838B03591B35351100BE2638 /* Release */ = {
			isa = XCBuildConfiguration;
			buildSettings = {
				ALWAYS_SEARCH_USER_PATHS = NO;
				CLANG_CXX_LANGUAGE_STANDARD = "gnu++0x";
				CLANG_CXX_LIBRARY = "libc++";
				CLANG_ENABLE_MODULES = YES;
				CLANG_ENABLE_OBJC_ARC = YES;
				CLANG_WARN_BOOL_CONVERSION = YES;
				CLANG_WARN_CONSTANT_CONVERSION = YES;
				CLANG_WARN_DIRECT_OBJC_ISA_USAGE = YES_ERROR;
				CLANG_WARN_EMPTY_BODY = YES;
				CLANG_WARN_ENUM_CONVERSION = YES;
				CLANG_WARN_INT_CONVERSION = YES;
				CLANG_WARN_OBJC_ROOT_CLASS = YES_ERROR;
				CLANG_WARN_UNREACHABLE_CODE = YES;
				CLANG_WARN__DUPLICATE_METHOD_MATCH = YES;
				"CODE_SIGN_IDENTITY[sdk=iphoneos*]" = "iPhone Developer";
				COPY_PHASE_STRIP = NO;
				DEBUG_INFORMATION_FORMAT = "dwarf-with-dsym";
				ENABLE_NS_ASSERTIONS = NO;
				ENABLE_STRICT_OBJC_MSGSEND = YES;
				GCC_C_LANGUAGE_STANDARD = gnu99;
				GCC_NO_COMMON_BLOCKS = YES;
				GCC_WARN_64_TO_32_BIT_CONVERSION = YES;
				GCC_WARN_ABOUT_RETURN_TYPE = YES_ERROR;
				GCC_WARN_UNDECLARED_SELECTOR = YES;
				GCC_WARN_UNINITIALIZED_AUTOS = YES_AGGRESSIVE;
				GCC_WARN_UNUSED_FUNCTION = YES;
				GCC_WARN_UNUSED_VARIABLE = YES;
				IPHONEOS_DEPLOYMENT_TARGET = 8.3;
				MTL_ENABLE_DEBUG_INFO = NO;
				SDKROOT = iphoneos;
				VALIDATE_PRODUCT = YES;
			};
			name = Release;
		};
		838B035B1B35351100BE2638 /* Debug */ = {
			isa = XCBuildConfiguration;
			buildSettings = {
				ASSETCATALOG_COMPILER_APPICON_NAME = AppIcon;
				INFOPLIST_FILE = "Advanced Segues/Info.plist";
				LD_RUNPATH_SEARCH_PATHS = "$(inherited) @executable_path/Frameworks";
				PRODUCT_NAME = "$(TARGET_NAME)";
			};
			name = Debug;
		};
		838B035C1B35351100BE2638 /* Release */ = {
			isa = XCBuildConfiguration;
			buildSettings = {
				ASSETCATALOG_COMPILER_APPICON_NAME = AppIcon;
				INFOPLIST_FILE = "Advanced Segues/Info.plist";
				LD_RUNPATH_SEARCH_PATHS = "$(inherited) @executable_path/Frameworks";
				PRODUCT_NAME = "$(TARGET_NAME)";
			};
			name = Release;
		};
		838B035E1B35351100BE2638 /* Debug */ = {
			isa = XCBuildConfiguration;
			buildSettings = {
				BUNDLE_LOADER = "$(TEST_HOST)";
				FRAMEWORK_SEARCH_PATHS = (
					"$(SDKROOT)/Developer/Library/Frameworks",
					"$(inherited)",
				);
				GCC_PREPROCESSOR_DEFINITIONS = (
					"DEBUG=1",
					"$(inherited)",
				);
				INFOPLIST_FILE = "Advanced SeguesTests/Info.plist";
				LD_RUNPATH_SEARCH_PATHS = "$(inherited) @executable_path/Frameworks @loader_path/Frameworks";
				PRODUCT_NAME = "$(TARGET_NAME)";
				TEST_HOST = "$(BUILT_PRODUCTS_DIR)/Advanced Segues.app/Advanced Segues";
			};
			name = Debug;
		};
		838B035F1B35351100BE2638 /* Release */ = {
			isa = XCBuildConfiguration;
			buildSettings = {
				BUNDLE_LOADER = "$(TEST_HOST)";
				FRAMEWORK_SEARCH_PATHS = (
					"$(SDKROOT)/Developer/Library/Frameworks",
					"$(inherited)",
				);
				INFOPLIST_FILE = "Advanced SeguesTests/Info.plist";
				LD_RUNPATH_SEARCH_PATHS = "$(inherited) @executable_path/Frameworks @loader_path/Frameworks";
				PRODUCT_NAME = "$(TARGET_NAME)";
				TEST_HOST = "$(BUILT_PRODUCTS_DIR)/Advanced Segues.app/Advanced Segues";
			};
			name = Release;
		};
/* End XCBuildConfiguration section */

/* Begin XCConfigurationList section */
		838B03361B35351100BE2638 /* Build configuration list for PBXProject "Advanced Segues" */ = {
			isa = XCConfigurationList;
			buildConfigurations = (
				838B03581B35351100BE2638 /* Debug */,
				838B03591B35351100BE2638 /* Release */,
			);
			defaultConfigurationIsVisible = 0;
			defaultConfigurationName = Release;
		};
		838B035A1B35351100BE2638 /* Build configuration list for PBXNativeTarget "Advanced Segues" */ = {
			isa = XCConfigurationList;
			buildConfigurations = (
				838B035B1B35351100BE2638 /* Debug */,
				838B035C1B35351100BE2638 /* Release */,
			);
			defaultConfigurationIsVisible = 0;
		};
		838B035D1B35351100BE2638 /* Build configuration list for PBXNativeTarget "Advanced SeguesTests" */ = {
			isa = XCConfigurationList;
			buildConfigurations = (
				838B035E1B35351100BE2638 /* Debug */,
				838B035F1B35351100BE2638 /* Release */,
			);
			defaultConfigurationIsVisible = 0;
		};
/* End XCConfigurationList section */
	};
	rootObject = 838B03331B35351100BE2638 /* Project object */;
}
